// !$*UTF8*$!
{
	archiveVersion = 1;
	classes = {
	};
	objectVersion = 50;
	objects = {

/* Begin PBXBuildFile section */
		0BF3B0DF21B36D0700A769AE /* AppDelegate.swift in Sources */ = {isa = PBXBuildFile; fileRef = 0BF3B0DE21B36D0700A769AE /* AppDelegate.swift */; };
		0BF3B0E121B36D0700A769AE /* _ViewController.swift in Sources */ = {isa = PBXBuildFile; fileRef = 0BF3B0E021B36D0700A769AE /* _ViewController.swift */; };
		0BF3B0E321B36D0800A769AE /* Assets.xcassets in Resources */ = {isa = PBXBuildFile; fileRef = 0BF3B0E221B36D0800A769AE /* Assets.xcassets */; };
		0BF3B0E621B36D0800A769AE /* Main.storyboard in Resources */ = {isa = PBXBuildFile; fileRef = 0BF3B0E421B36D0800A769AE /* Main.storyboard */; };
		0BF3B0F321B36D2400A769AE /* AppDelegate.swift in Sources */ = {isa = PBXBuildFile; fileRef = 0BF3B0F221B36D2400A769AE /* AppDelegate.swift */; };
		0BF3B0F521B36D2400A769AE /* _ViewController.swift in Sources */ = {isa = PBXBuildFile; fileRef = 0BF3B0F421B36D2400A769AE /* _ViewController.swift */; };
		0BF3B0F821B36D2400A769AE /* Main.storyboard in Resources */ = {isa = PBXBuildFile; fileRef = 0BF3B0F621B36D2400A769AE /* Main.storyboard */; };
		0BF3B0FA21B36D2500A769AE /* Assets.xcassets in Resources */ = {isa = PBXBuildFile; fileRef = 0BF3B0F921B36D2500A769AE /* Assets.xcassets */; };
		0BF3B0FD21B36D2500A769AE /* LaunchScreen.storyboard in Resources */ = {isa = PBXBuildFile; fileRef = 0BF3B0FB21B36D2500A769AE /* LaunchScreen.storyboard */; };
		0BF3B10321B3703700A769AE /* ViewController.swift in Sources */ = {isa = PBXBuildFile; fileRef = 0BF3B10221B3703700A769AE /* ViewController.swift */; };
		0BF3B10621B3739F00A769AE /* 3dMath.swift in Sources */ = {isa = PBXBuildFile; fileRef = 0BF3B10521B3739F00A769AE /* 3dMath.swift */; };
		0BF3B10721B3739F00A769AE /* 3dMath.swift in Sources */ = {isa = PBXBuildFile; fileRef = 0BF3B10521B3739F00A769AE /* 3dMath.swift */; };
		0BF3B10821B373A900A769AE /* ViewController.swift in Sources */ = {isa = PBXBuildFile; fileRef = 0BF3B10221B3703700A769AE /* ViewController.swift */; };
		0BFD08A021B610E100BEE052 /* Shaders.metal in Sources */ = {isa = PBXBuildFile; fileRef = 0BFD089F21B610E100BEE052 /* Shaders.metal */; };
/* End PBXBuildFile section */

/* Begin PBXFileReference section */
		0BF3B0DB21B36D0700A769AE /* StereoView-macOS.app */ = {isa = PBXFileReference; explicitFileType = wrapper.application; includeInIndex = 0; path = "StereoView-macOS.app"; sourceTree = BUILT_PRODUCTS_DIR; };
		0BF3B0DE21B36D0700A769AE /* AppDelegate.swift */ = {isa = PBXFileReference; lastKnownFileType = sourcecode.swift; path = AppDelegate.swift; sourceTree = "<group>"; };
		0BF3B0E021B36D0700A769AE /* _ViewController.swift */ = {isa = PBXFileReference; lastKnownFileType = sourcecode.swift; path = _ViewController.swift; sourceTree = "<group>"; };
		0BF3B0E221B36D0800A769AE /* Assets.xcassets */ = {isa = PBXFileReference; lastKnownFileType = folder.assetcatalog; path = Assets.xcassets; sourceTree = "<group>"; };
		0BF3B0E521B36D0800A769AE /* Base */ = {isa = PBXFileReference; lastKnownFileType = file.storyboard; name = Base; path = Base.lproj/Main.storyboard; sourceTree = "<group>"; };
		0BF3B0E721B36D0800A769AE /* Info.plist */ = {isa = PBXFileReference; lastKnownFileType = text.plist.xml; path = Info.plist; sourceTree = "<group>"; };
		0BF3B0E821B36D0800A769AE /* StereoView_macOS.entitlements */ = {isa = PBXFileReference; lastKnownFileType = text.plist.entitlements; path = StereoView_macOS.entitlements; sourceTree = "<group>"; };
		0BF3B0F021B36D2400A769AE /* StereoView-iOS.app */ = {isa = PBXFileReference; explicitFileType = wrapper.application; includeInIndex = 0; path = "StereoView-iOS.app"; sourceTree = BUILT_PRODUCTS_DIR; };
		0BF3B0F221B36D2400A769AE /* AppDelegate.swift */ = {isa = PBXFileReference; lastKnownFileType = sourcecode.swift; path = AppDelegate.swift; sourceTree = "<group>"; };
		0BF3B0F421B36D2400A769AE /* _ViewController.swift */ = {isa = PBXFileReference; lastKnownFileType = sourcecode.swift; path = _ViewController.swift; sourceTree = "<group>"; };
		0BF3B0F721B36D2400A769AE /* Base */ = {isa = PBXFileReference; lastKnownFileType = file.storyboard; name = Base; path = Base.lproj/Main.storyboard; sourceTree = "<group>"; };
		0BF3B0F921B36D2500A769AE /* Assets.xcassets */ = {isa = PBXFileReference; lastKnownFileType = folder.assetcatalog; path = Assets.xcassets; sourceTree = "<group>"; };
		0BF3B0FC21B36D2500A769AE /* Base */ = {isa = PBXFileReference; lastKnownFileType = file.storyboard; name = Base; path = Base.lproj/LaunchScreen.storyboard; sourceTree = "<group>"; };
		0BF3B0FE21B36D2500A769AE /* Info.plist */ = {isa = PBXFileReference; lastKnownFileType = text.plist.xml; path = Info.plist; sourceTree = "<group>"; };
		0BF3B10221B3703700A769AE /* ViewController.swift */ = {isa = PBXFileReference; lastKnownFileType = sourcecode.swift; path = ViewController.swift; sourceTree = "<group>"; };
		0BF3B10421B3736000A769AE /* Bridge.h */ = {isa = PBXFileReference; lastKnownFileType = sourcecode.c.h; path = Bridge.h; sourceTree = "<group>"; };
		0BF3B10521B3739F00A769AE /* 3dMath.swift */ = {isa = PBXFileReference; lastKnownFileType = sourcecode.swift; path = 3dMath.swift; sourceTree = "<group>"; };
		0BFD089F21B610E100BEE052 /* Shaders.metal */ = {isa = PBXFileReference; lastKnownFileType = sourcecode.metal; path = Shaders.metal; sourceTree = "<group>"; };
/* End PBXFileReference section */

/* Begin PBXFrameworksBuildPhase section */
		0BF3B0D821B36D0700A769AE /* Frameworks */ = {
			isa = PBXFrameworksBuildPhase;
			buildActionMask = 2147483647;
			files = (
			);
			runOnlyForDeploymentPostprocessing = 0;
		};
		0BF3B0ED21B36D2400A769AE /* Frameworks */ = {
			isa = PBXFrameworksBuildPhase;
			buildActionMask = 2147483647;
			files = (
			);
			runOnlyForDeploymentPostprocessing = 0;
		};
/* End PBXFrameworksBuildPhase section */

/* Begin PBXGroup section */
		0BF3B0CF21B36C8B00A769AE = {
			isa = PBXGroup;
			children = (
				0BF3B0D621B36CA700A769AE /* Common */,
				0BF3B0DD21B36D0700A769AE /* macOS */,
				0BF3B0F121B36D2400A769AE /* iOS */,
				0BF3B0DC21B36D0700A769AE /* Products */,
			);
			sourceTree = "<group>";
		};
		0BF3B0D621B36CA700A769AE /* Common */ = {
			isa = PBXGroup;
			children = (
				0BF3B10221B3703700A769AE /* ViewController.swift */,
				0BFD089F21B610E100BEE052 /* Shaders.metal */,
				0BF3B10521B3739F00A769AE /* 3dMath.swift */,
				0BF3B10421B3736000A769AE /* Bridge.h */,
			);
			path = Common;
			sourceTree = "<group>";
		};
		0BF3B0DC21B36D0700A769AE /* Products */ = {
			isa = PBXGroup;
			children = (
				0BF3B0DB21B36D0700A769AE /* StereoView-macOS.app */,
				0BF3B0F021B36D2400A769AE /* StereoView-iOS.app */,
			);
			name = Products;
			sourceTree = "<group>";
		};
		0BF3B0DD21B36D0700A769AE /* macOS */ = {
			isa = PBXGroup;
			children = (
				0BF3B0DE21B36D0700A769AE /* AppDelegate.swift */,
				0BF3B0E021B36D0700A769AE /* _ViewController.swift */,
				0BF3B0E221B36D0800A769AE /* Assets.xcassets */,
				0BF3B0E421B36D0800A769AE /* Main.storyboard */,
				0BF3B0E721B36D0800A769AE /* Info.plist */,
				0BF3B0E821B36D0800A769AE /* StereoView_macOS.entitlements */,
			);
			path = macOS;
			sourceTree = "<group>";
		};
		0BF3B0F121B36D2400A769AE /* iOS */ = {
			isa = PBXGroup;
			children = (
				0BF3B0F221B36D2400A769AE /* AppDelegate.swift */,
				0BF3B0F421B36D2400A769AE /* _ViewController.swift */,
				0BF3B0F621B36D2400A769AE /* Main.storyboard */,
				0BF3B0F921B36D2500A769AE /* Assets.xcassets */,
				0BF3B0FB21B36D2500A769AE /* LaunchScreen.storyboard */,
				0BF3B0FE21B36D2500A769AE /* Info.plist */,
			);
			path = iOS;
			sourceTree = "<group>";
		};
/* End PBXGroup section */

/* Begin PBXNativeTarget section */
		0BF3B0DA21B36D0700A769AE /* StereoView-macOS */ = {
			isa = PBXNativeTarget;
			buildConfigurationList = 0BF3B0E921B36D0800A769AE /* Build configuration list for PBXNativeTarget "StereoView-macOS" */;
			buildPhases = (
				0BF3B0D721B36D0700A769AE /* Sources */,
				0BF3B0D821B36D0700A769AE /* Frameworks */,
				0BF3B0D921B36D0700A769AE /* Resources */,
			);
			buildRules = (
			);
			dependencies = (
			);
			name = "StereoView-macOS";
			productName = "StereoView-macOS";
			productReference = 0BF3B0DB21B36D0700A769AE /* StereoView-macOS.app */;
			productType = "com.apple.product-type.application";
		};
		0BF3B0EF21B36D2400A769AE /* StereoView-iOS */ = {
			isa = PBXNativeTarget;
			buildConfigurationList = 0BF3B0FF21B36D2500A769AE /* Build configuration list for PBXNativeTarget "StereoView-iOS" */;
			buildPhases = (
				0BF3B0EC21B36D2400A769AE /* Sources */,
				0BF3B0ED21B36D2400A769AE /* Frameworks */,
				0BF3B0EE21B36D2400A769AE /* Resources */,
			);
			buildRules = (
			);
			dependencies = (
			);
			name = "StereoView-iOS";
			productName = "StereoView-iOS";
			productReference = 0BF3B0F021B36D2400A769AE /* StereoView-iOS.app */;
			productType = "com.apple.product-type.application";
		};
/* End PBXNativeTarget section */

/* Begin PBXProject section */
		0BF3B0D021B36C8B00A769AE /* Project object */ = {
			isa = PBXProject;
			attributes = {
				LastSwiftUpdateCheck = 1010;
				LastUpgradeCheck = 1010;
				TargetAttributes = {
					0BF3B0DA21B36D0700A769AE = {
						CreatedOnToolsVersion = 10.1;
					};
					0BF3B0EF21B36D2400A769AE = {
						CreatedOnToolsVersion = 10.1;
					};
				};
			};
			buildConfigurationList = 0BF3B0D321B36C8B00A769AE /* Build configuration list for PBXProject "StereoView" */;
			compatibilityVersion = "Xcode 9.3";
			developmentRegion = en;
			hasScannedForEncodings = 0;
			knownRegions = (
				en,
				Base,
			);
			mainGroup = 0BF3B0CF21B36C8B00A769AE;
			productRefGroup = 0BF3B0DC21B36D0700A769AE /* Products */;
			projectDirPath = "";
			projectRoot = "";
			targets = (
				0BF3B0DA21B36D0700A769AE /* StereoView-macOS */,
				0BF3B0EF21B36D2400A769AE /* StereoView-iOS */,
			);
		};
/* End PBXProject section */

/* Begin PBXResourcesBuildPhase section */
		0BF3B0D921B36D0700A769AE /* Resources */ = {
			isa = PBXResourcesBuildPhase;
			buildActionMask = 2147483647;
			files = (
				0BF3B0E321B36D0800A769AE /* Assets.xcassets in Resources */,
				0BF3B0E621B36D0800A769AE /* Main.storyboard in Resources */,
			);
			runOnlyForDeploymentPostprocessing = 0;
		};
		0BF3B0EE21B36D2400A769AE /* Resources */ = {
			isa = PBXResourcesBuildPhase;
			buildActionMask = 2147483647;
			files = (
				0BF3B0FD21B36D2500A769AE /* LaunchScreen.storyboard in Resources */,
				0BF3B0FA21B36D2500A769AE /* Assets.xcassets in Resources */,
				0BF3B0F821B36D2400A769AE /* Main.storyboard in Resources */,
			);
			runOnlyForDeploymentPostprocessing = 0;
		};
/* End PBXResourcesBuildPhase section */

/* Begin PBXSourcesBuildPhase section */
		0BF3B0D721B36D0700A769AE /* Sources */ = {
			isa = PBXSourcesBuildPhase;
			buildActionMask = 2147483647;
			files = (
				0BF3B10621B3739F00A769AE /* 3dMath.swift in Sources */,
				0BF3B10321B3703700A769AE /* ViewController.swift in Sources */,
				0BF3B0E121B36D0700A769AE /* _ViewController.swift in Sources */,
				0BF3B0DF21B36D0700A769AE /* AppDelegate.swift in Sources */,
				0BFD08A021B610E100BEE052 /* Shaders.metal in Sources */,
			);
			runOnlyForDeploymentPostprocessing = 0;
		};
		0BF3B0EC21B36D2400A769AE /* Sources */ = {
			isa = PBXSourcesBuildPhase;
			buildActionMask = 2147483647;
			files = (
				0BF3B10721B3739F00A769AE /* 3dMath.swift in Sources */,
				0BF3B0F521B36D2400A769AE /* _ViewController.swift in Sources */,
				0BF3B10821B373A900A769AE /* ViewController.swift in Sources */,
				0BF3B0F321B36D2400A769AE /* AppDelegate.swift in Sources */,
			);
			runOnlyForDeploymentPostprocessing = 0;
		};
/* End PBXSourcesBuildPhase section */

/* Begin PBXVariantGroup section */
		0BF3B0E421B36D0800A769AE /* Main.storyboard */ = {
			isa = PBXVariantGroup;
			children = (
				0BF3B0E521B36D0800A769AE /* Base */,
			);
			name = Main.storyboard;
			sourceTree = "<group>";
		};
		0BF3B0F621B36D2400A769AE /* Main.storyboard */ = {
			isa = PBXVariantGroup;
			children = (
				0BF3B0F721B36D2400A769AE /* Base */,
			);
			name = Main.storyboard;
			sourceTree = "<group>";
		};
		0BF3B0FB21B36D2500A769AE /* LaunchScreen.storyboard */ = {
			isa = PBXVariantGroup;
			children = (
				0BF3B0FC21B36D2500A769AE /* Base */,
			);
			name = LaunchScreen.storyboard;
			sourceTree = "<group>";
		};
/* End PBXVariantGroup section */

/* Begin XCBuildConfiguration section */
		0BF3B0D421B36C8B00A769AE /* Debug */ = {
			isa = XCBuildConfiguration;
			buildSettings = {
			};
			name = Debug;
		};
		0BF3B0D521B36C8B00A769AE /* Release */ = {
			isa = XCBuildConfiguration;
			buildSettings = {
			};
			name = Release;
		};
		0BF3B0EA21B36D0800A769AE /* Debug */ = {
			isa = XCBuildConfiguration;
			buildSettings = {
				ALWAYS_SEARCH_USER_PATHS = NO;
				ASSETCATALOG_COMPILER_APPICON_NAME = AppIcon;
				CLANG_ANALYZER_NONNULL = YES;
				CLANG_ANALYZER_NUMBER_OBJECT_CONVERSION = YES_AGGRESSIVE;
				CLANG_CXX_LANGUAGE_STANDARD = "gnu++14";
				CLANG_CXX_LIBRARY = "libc++";
				CLANG_ENABLE_MODULES = YES;
				CLANG_ENABLE_OBJC_ARC = YES;
				CLANG_ENABLE_OBJC_WEAK = YES;
				CLANG_WARN_BLOCK_CAPTURE_AUTORELEASING = YES;
				CLANG_WARN_BOOL_CONVERSION = YES;
				CLANG_WARN_COMMA = YES;
				CLANG_WARN_CONSTANT_CONVERSION = YES;
				CLANG_WARN_DEPRECATED_OBJC_IMPLEMENTATIONS = YES;
				CLANG_WARN_DIRECT_OBJC_ISA_USAGE = YES_ERROR;
				CLANG_WARN_DOCUMENTATION_COMMENTS = YES;
				CLANG_WARN_EMPTY_BODY = YES;
				CLANG_WARN_ENUM_CONVERSION = YES;
				CLANG_WARN_INFINITE_RECURSION = YES;
				CLANG_WARN_INT_CONVERSION = YES;
				CLANG_WARN_NON_LITERAL_NULL_CONVERSION = YES;
				CLANG_WARN_OBJC_IMPLICIT_RETAIN_SELF = YES;
				CLANG_WARN_OBJC_LITERAL_CONVERSION = YES;
				CLANG_WARN_OBJC_ROOT_CLASS = YES_ERROR;
				CLANG_WARN_RANGE_LOOP_ANALYSIS = YES;
				CLANG_WARN_STRICT_PROTOTYPES = YES;
				CLANG_WARN_SUSPICIOUS_MOVE = YES;
				CLANG_WARN_UNGUARDED_AVAILABILITY = YES_AGGRESSIVE;
				CLANG_WARN_UNREACHABLE_CODE = YES;
				CLANG_WARN__DUPLICATE_METHOD_MATCH = YES;
				CODE_SIGN_ENTITLEMENTS = macOS/StereoView_macOS.entitlements;
				CODE_SIGN_IDENTITY = "-";
				CODE_SIGN_STYLE = Automatic;
				COMBINE_HIDPI_IMAGES = YES;
				COPY_PHASE_STRIP = NO;
				DEBUG_INFORMATION_FORMAT = dwarf;
				ENABLE_STRICT_OBJC_MSGSEND = YES;
				ENABLE_TESTABILITY = YES;
				GCC_C_LANGUAGE_STANDARD = gnu11;
				GCC_DYNAMIC_NO_PIC = NO;
				GCC_NO_COMMON_BLOCKS = YES;
				GCC_OPTIMIZATION_LEVEL = 0;
				GCC_PREPROCESSOR_DEFINITIONS = (
					"DEBUG=1",
					"$(inherited)",
				);
				GCC_WARN_64_TO_32_BIT_CONVERSION = YES;
				GCC_WARN_ABOUT_RETURN_TYPE = YES_ERROR;
				GCC_WARN_UNDECLARED_SELECTOR = YES;
				GCC_WARN_UNINITIALIZED_AUTOS = YES_AGGRESSIVE;
				GCC_WARN_UNUSED_FUNCTION = YES;
				GCC_WARN_UNUSED_VARIABLE = YES;
				INFOPLIST_FILE = macOS/Info.plist;
				LD_RUNPATH_SEARCH_PATHS = (
					"$(inherited)",
					"@executable_path/../Frameworks",
				);
				MACOSX_DEPLOYMENT_TARGET = 10.14;
				MTL_ENABLE_DEBUG_INFO = INCLUDE_SOURCE;
				MTL_FAST_MATH = YES;
				ONLY_ACTIVE_ARCH = YES;
				PRODUCT_BUNDLE_IDENTIFIER = "smartnova.ken.StereoView-macOS";
				PRODUCT_NAME = "$(TARGET_NAME)";
				SDKROOT = macosx;
				SWIFT_ACTIVE_COMPILATION_CONDITIONS = DEBUG;
				SWIFT_OBJC_BRIDGING_HEADER = Common/Bridge.h;
				SWIFT_OPTIMIZATION_LEVEL = "-Onone";
				SWIFT_VERSION = 4.2;
			};
			name = Debug;
		};
		0BF3B0EB21B36D0800A769AE /* Release */ = {
			isa = XCBuildConfiguration;
			buildSettings = {
				ALWAYS_SEARCH_USER_PATHS = NO;
				ASSETCATALOG_COMPILER_APPICON_NAME = AppIcon;
				CLANG_ANALYZER_NONNULL = YES;
				CLANG_ANALYZER_NUMBER_OBJECT_CONVERSION = YES_AGGRESSIVE;
				CLANG_CXX_LANGUAGE_STANDARD = "gnu++14";
				CLANG_CXX_LIBRARY = "libc++";
				CLANG_ENABLE_MODULES = YES;
				CLANG_ENABLE_OBJC_ARC = YES;
				CLANG_ENABLE_OBJC_WEAK = YES;
				CLANG_WARN_BLOCK_CAPTURE_AUTORELEASING = YES;
				CLANG_WARN_BOOL_CONVERSION = YES;
				CLANG_WARN_COMMA = YES;
				CLANG_WARN_CONSTANT_CONVERSION = YES;
				CLANG_WARN_DEPRECATED_OBJC_IMPLEMENTATIONS = YES;
				CLANG_WARN_DIRECT_OBJC_ISA_USAGE = YES_ERROR;
				CLANG_WARN_DOCUMENTATION_COMMENTS = YES;
				CLANG_WARN_EMPTY_BODY = YES;
				CLANG_WARN_ENUM_CONVERSION = YES;
				CLANG_WARN_INFINITE_RECURSION = YES;
				CLANG_WARN_INT_CONVERSION = YES;
				CLANG_WARN_NON_LITERAL_NULL_CONVERSION = YES;
				CLANG_WARN_OBJC_IMPLICIT_RETAIN_SELF = YES;
				CLANG_WARN_OBJC_LITERAL_CONVERSION = YES;
				CLANG_WARN_OBJC_ROOT_CLASS = YES_ERROR;
				CLANG_WARN_RANGE_LOOP_ANALYSIS = YES;
				CLANG_WARN_STRICT_PROTOTYPES = YES;
				CLANG_WARN_SUSPICIOUS_MOVE = YES;
				CLANG_WARN_UNGUARDED_AVAILABILITY = YES_AGGRESSIVE;
				CLANG_WARN_UNREACHABLE_CODE = YES;
				CLANG_WARN__DUPLICATE_METHOD_MATCH = YES;
				CODE_SIGN_ENTITLEMENTS = macOS/StereoView_macOS.entitlements;
				CODE_SIGN_IDENTITY = "-";
				CODE_SIGN_STYLE = Automatic;
				COMBINE_HIDPI_IMAGES = YES;
				COPY_PHASE_STRIP = NO;
				DEBUG_INFORMATION_FORMAT = "dwarf-with-dsym";
				ENABLE_NS_ASSERTIONS = NO;
				ENABLE_STRICT_OBJC_MSGSEND = YES;
				GCC_C_LANGUAGE_STANDARD = gnu11;
				GCC_NO_COMMON_BLOCKS = YES;
				GCC_WARN_64_TO_32_BIT_CONVERSION = YES;
				GCC_WARN_ABOUT_RETURN_TYPE = YES_ERROR;
				GCC_WARN_UNDECLARED_SELECTOR = YES;
				GCC_WARN_UNINITIALIZED_AUTOS = YES_AGGRESSIVE;
				GCC_WARN_UNUSED_FUNCTION = YES;
				GCC_WARN_UNUSED_VARIABLE = YES;
				INFOPLIST_FILE = macOS/Info.plist;
				LD_RUNPATH_SEARCH_PATHS = (
					"$(inherited)",
					"@executable_path/../Frameworks",
				);
				MACOSX_DEPLOYMENT_TARGET = 10.14;
				MTL_ENABLE_DEBUG_INFO = NO;
				MTL_FAST_MATH = YES;
				PRODUCT_BUNDLE_IDENTIFIER = "smartnova.ken.StereoView-macOS";
				PRODUCT_NAME = "$(TARGET_NAME)";
				SDKROOT = macosx;
				SWIFT_COMPILATION_MODE = wholemodule;
				SWIFT_OBJC_BRIDGING_HEADER = Common/Bridge.h;
				SWIFT_OPTIMIZATION_LEVEL = "-O";
				SWIFT_VERSION = 4.2;
			};
			name = Release;
		};
		0BF3B10021B36D2500A769AE /* Debug */ = {
			isa = XCBuildConfiguration;
			buildSettings = {
				ALWAYS_SEARCH_USER_PATHS = NO;
				ASSETCATALOG_COMPILER_APPICON_NAME = AppIcon;
				CLANG_ANALYZER_NONNULL = YES;
				CLANG_ANALYZER_NUMBER_OBJECT_CONVERSION = YES_AGGRESSIVE;
				CLANG_CXX_LANGUAGE_STANDARD = "gnu++14";
				CLANG_CXX_LIBRARY = "libc++";
				CLANG_ENABLE_MODULES = YES;
				CLANG_ENABLE_OBJC_ARC = YES;
				CLANG_ENABLE_OBJC_WEAK = YES;
				CLANG_WARN_BLOCK_CAPTURE_AUTORELEASING = YES;
				CLANG_WARN_BOOL_CONVERSION = YES;
				CLANG_WARN_COMMA = YES;
				CLANG_WARN_CONSTANT_CONVERSION = YES;
				CLANG_WARN_DEPRECATED_OBJC_IMPLEMENTATIONS = YES;
				CLANG_WARN_DIRECT_OBJC_ISA_USAGE = YES_ERROR;
				CLANG_WARN_DOCUMENTATION_COMMENTS = YES;
				CLANG_WARN_EMPTY_BODY = YES;
				CLANG_WARN_ENUM_CONVERSION = YES;
				CLANG_WARN_INFINITE_RECURSION = YES;
				CLANG_WARN_INT_CONVERSION = YES;
				CLANG_WARN_NON_LITERAL_NULL_CONVERSION = YES;
				CLANG_WARN_OBJC_IMPLICIT_RETAIN_SELF = YES;
				CLANG_WARN_OBJC_LITERAL_CONVERSION = YES;
				CLANG_WARN_OBJC_ROOT_CLASS = YES_ERROR;
				CLANG_WARN_RANGE_LOOP_ANALYSIS = YES;
				CLANG_WARN_STRICT_PROTOTYPES = YES;
				CLANG_WARN_SUSPICIOUS_MOVE = YES;
				CLANG_WARN_UNGUARDED_AVAILABILITY = YES_AGGRESSIVE;
				CLANG_WARN_UNREACHABLE_CODE = YES;
				CLANG_WARN__DUPLICATE_METHOD_MATCH = YES;
				CODE_SIGN_IDENTITY = "iPhone Developer";
				CODE_SIGN_STYLE = Automatic;
				COPY_PHASE_STRIP = NO;
				DEBUG_INFORMATION_FORMAT = dwarf;
				DEVELOPMENT_TEAM = TZ26RM2EZX;
				ENABLE_STRICT_OBJC_MSGSEND = YES;
				ENABLE_TESTABILITY = YES;
				GCC_C_LANGUAGE_STANDARD = gnu11;
				GCC_DYNAMIC_NO_PIC = NO;
				GCC_NO_COMMON_BLOCKS = YES;
				GCC_OPTIMIZATION_LEVEL = 0;
				GCC_PREPROCESSOR_DEFINITIONS = (
					"DEBUG=1",
					"$(inherited)",
				);
				GCC_WARN_64_TO_32_BIT_CONVERSION = YES;
				GCC_WARN_ABOUT_RETURN_TYPE = YES_ERROR;
				GCC_WARN_UNDECLARED_SELECTOR = YES;
				GCC_WARN_UNINITIALIZED_AUTOS = YES_AGGRESSIVE;
				GCC_WARN_UNUSED_FUNCTION = YES;
				GCC_WARN_UNUSED_VARIABLE = YES;
				INFOPLIST_FILE = iOS/Info.plist;
				IPHONEOS_DEPLOYMENT_TARGET = 12.1;
				LD_RUNPATH_SEARCH_PATHS = (
					"$(inherited)",
					"@executable_path/Frameworks",
				);
				MTL_ENABLE_DEBUG_INFO = INCLUDE_SOURCE;
				MTL_FAST_MATH = YES;
				ONLY_ACTIVE_ARCH = YES;
				PRODUCT_BUNDLE_IDENTIFIER = "smartnova.ken.StereoView-iOS";
				PRODUCT_NAME = "$(TARGET_NAME)";
				SDKROOT = iphoneos;
				SWIFT_ACTIVE_COMPILATION_CONDITIONS = DEBUG;
				SWIFT_OBJC_BRIDGING_HEADER = Common/Bridge.h;
				SWIFT_OPTIMIZATION_LEVEL = "-Onone";
				SWIFT_VERSION = 4.2;
				TARGETED_DEVICE_FAMILY = "1,2";
			};
			name = Debug;
		};
		0BF3B10121B36D2500A769AE /* Release */ = {
			isa = XCBuildConfiguration;
			buildSettings = {
				ALWAYS_SEARCH_USER_PATHS = NO;
				ASSETCATALOG_COMPILER_APPICON_NAME = AppIcon;
				CLANG_ANALYZER_NONNULL = YES;
				CLANG_ANALYZER_NUMBER_OBJECT_CONVERSION = YES_AGGRESSIVE;
				CLANG_CXX_LANGUAGE_STANDARD = "gnu++14";
				CLANG_CXX_LIBRARY = "libc++";
				CLANG_ENABLE_MODULES = YES;
				CLANG_ENABLE_OBJC_ARC = YES;
				CLANG_ENABLE_OBJC_WEAK = YES;
				CLANG_WARN_BLOCK_CAPTURE_AUTORELEASING = YES;
				CLANG_WARN_BOOL_CONVERSION = YES;
				CLANG_WARN_COMMA = YES;
				CLANG_WARN_CONSTANT_CONVERSION = YES;
				CLANG_WARN_DEPRECATED_OBJC_IMPLEMENTATIONS = YES;
				CLANG_WARN_DIRECT_OBJC_ISA_USAGE = YES_ERROR;
				CLANG_WARN_DOCUMENTATION_COMMENTS = YES;
				CLANG_WARN_EMPTY_BODY = YES;
				CLANG_WARN_ENUM_CONVERSION = YES;
				CLANG_WARN_INFINITE_RECURSION = YES;
				CLANG_WARN_INT_CONVERSION = YES;
				CLANG_WARN_NON_LITERAL_NULL_CONVERSION = YES;
				CLANG_WARN_OBJC_IMPLICIT_RETAIN_SELF = YES;
				CLANG_WARN_OBJC_LITERAL_CONVERSION = YES;
				CLANG_WARN_OBJC_ROOT_CLASS = YES_ERROR;
				CLANG_WARN_RANGE_LOOP_ANALYSIS = YES;
				CLANG_WARN_STRICT_PROTOTYPES = YES;
				CLANG_WARN_SUSPICIOUS_MOVE = YES;
				CLANG_WARN_UNGUARDED_AVAILABILITY = YES_AGGRESSIVE;
				CLANG_WARN_UNREACHABLE_CODE = YES;
				CLANG_WARN__DUPLICATE_METHOD_MATCH = YES;
				CODE_SIGN_IDENTITY = "iPhone Developer";
				CODE_SIGN_STYLE = Automatic;
				COPY_PHASE_STRIP = NO;
				DEBUG_INFORMATION_FORMAT = "dwarf-with-dsym";
				DEVELOPMENT_TEAM = TZ26RM2EZX;
				ENABLE_NS_ASSERTIONS = NO;
				ENABLE_STRICT_OBJC_MSGSEND = YES;
				GCC_C_LANGUAGE_STANDARD = gnu11;
				GCC_NO_COMMON_BLOCKS = YES;
				GCC_WARN_64_TO_32_BIT_CONVERSION = YES;
				GCC_WARN_ABOUT_RETURN_TYPE = YES_ERROR;
				GCC_WARN_UNDECLARED_SELECTOR = YES;
				GCC_WARN_UNINITIALIZED_AUTOS = YES_AGGRESSIVE;
				GCC_WARN_UNUSED_FUNCTION = YES;
				GCC_WARN_UNUSED_VARIABLE = YES;
				INFOPLIST_FILE = iOS/Info.plist;
				IPHONEOS_DEPLOYMENT_TARGET = 12.1;
				LD_RUNPATH_SEARCH_PATHS = (
					"$(inherited)",
					"@executable_path/Frameworks",
				);
				MTL_ENABLE_DEBUG_INFO = NO;
				MTL_FAST_MATH = YES;
				PRODUCT_BUNDLE_IDENTIFIER = "smartnova.ken.StereoView-iOS";
				PRODUCT_NAME = "$(TARGET_NAME)";
				SDKROOT = iphoneos;
				SWIFT_COMPILATION_MODE = wholemodule;
				SWIFT_OBJC_BRIDGING_HEADER = Common/Bridge.h;
				SWIFT_OPTIMIZATION_LEVEL = "-O";
				SWIFT_VERSION = 4.2;
				TARGETED_DEVICE_FAMILY = "1,2";
				VALIDATE_PRODUCT = YES;
			};
			name = Release;
		};
/* End XCBuildConfiguration section */

/* Begin XCConfigurationList section */
		0BF3B0D321B36C8B00A769AE /* Build configuration list for PBXProject "StereoView" */ = {
			isa = XCConfigurationList;
			buildConfigurations = (
				0BF3B0D421B36C8B00A769AE /* Debug */,
				0BF3B0D521B36C8B00A769AE /* Release */,
			);
			defaultConfigurationIsVisible = 0;
			defaultConfigurationName = Release;
		};
		0BF3B0E921B36D0800A769AE /* Build configuration list for PBXNativeTarget "StereoView-macOS" */ = {
			isa = XCConfigurationList;
			buildConfigurations = (
				0BF3B0EA21B36D0800A769AE /* Debug */,
				0BF3B0EB21B36D0800A769AE /* Release */,
			);
			defaultConfigurationIsVisible = 0;
			defaultConfigurationName = Release;
		};
		0BF3B0FF21B36D2500A769AE /* Build configuration list for PBXNativeTarget "StereoView-iOS" */ = {
			isa = XCConfigurationList;
			buildConfigurations = (
				0BF3B10021B36D2500A769AE /* Debug */,
				0BF3B10121B36D2500A769AE /* Release */,
			);
			defaultConfigurationIsVisible = 0;
			defaultConfigurationName = Release;
		};
/* End XCConfigurationList section */
	};
	rootObject = 0BF3B0D021B36C8B00A769AE /* Project object */;
}
